// !$*UTF8*$!
{
	archiveVersion = 1;
	classes = {
	};
	objectVersion = 56;
	objects = {

/* Begin PBXBuildFile section */
		3FCB2CE62ACC648D00204795 /* SWIFTCalculatorApp.swift in Sources */ = {isa = PBXBuildFile; fileRef = 3FCB2CE52ACC648D00204795 /* SWIFTCalculatorApp.swift */; };
		3FCB2CE82ACC648D00204795 /* ContentView.swift in Sources */ = {isa = PBXBuildFile; fileRef = 3FCB2CE72ACC648D00204795 /* ContentView.swift */; };
		3FCB2CEA2ACC648E00204795 /* Assets.xcassets in Resources */ = {isa = PBXBuildFile; fileRef = 3FCB2CE92ACC648E00204795 /* Assets.xcassets */; };
		3FCB2CED2ACC648E00204795 /* Preview Assets.xcassets in Resources */ = {isa = PBXBuildFile; fileRef = 3FCB2CEC2ACC648E00204795 /* Preview Assets.xcassets */; };
		3FCB2CF72ACC648E00204795 /* SWIFTCalculatorTests.swift in Sources */ = {isa = PBXBuildFile; fileRef = 3FCB2CF62ACC648E00204795 /* SWIFTCalculatorTests.swift */; };
		3FCB2D012ACC648E00204795 /* SWIFTCalculatorUITests.swift in Sources */ = {isa = PBXBuildFile; fileRef = 3FCB2D002ACC648E00204795 /* SWIFTCalculatorUITests.swift */; };
		3FCB2D032ACC648E00204795 /* SWIFTCalculatorUITestsLaunchTests.swift in Sources */ = {isa = PBXBuildFile; fileRef = 3FCB2D022ACC648E00204795 /* SWIFTCalculatorUITestsLaunchTests.swift */; };
/* End PBXBuildFile section */

/* Begin PBXContainerItemProxy section */
		3FCB2CF32ACC648E00204795 /* PBXContainerItemProxy */ = {
			isa = PBXContainerItemProxy;
			containerPortal = 3FCB2CDA2ACC648D00204795 /* Project object */;
			proxyType = 1;
			remoteGlobalIDString = 3FCB2CE12ACC648D00204795;
			remoteInfo = SWIFTCalculator;
		};
		3FCB2CFD2ACC648E00204795 /* PBXContainerItemProxy */ = {
			isa = PBXContainerItemProxy;
			containerPortal = 3FCB2CDA2ACC648D00204795 /* Project object */;
			proxyType = 1;
			remoteGlobalIDString = 3FCB2CE12ACC648D00204795;
			remoteInfo = SWIFTCalculator;
		};
/* End PBXContainerItemProxy section */

/* Begin PBXFileReference section */
		3FCB2CE22ACC648D00204795 /* SWIFTCalculator.app */ = {isa = PBXFileReference; explicitFileType = wrapper.application; includeInIndex = 0; path = SWIFTCalculator.app; sourceTree = BUILT_PRODUCTS_DIR; };
		3FCB2CE52ACC648D00204795 /* SWIFTCalculatorApp.swift */ = {isa = PBXFileReference; lastKnownFileType = sourcecode.swift; path = SWIFTCalculatorApp.swift; sourceTree = "<group>"; };
		3FCB2CE72ACC648D00204795 /* ContentView.swift */ = {isa = PBXFileReference; lastKnownFileType = sourcecode.swift; path = ContentView.swift; sourceTree = "<group>"; };
		3FCB2CE92ACC648E00204795 /* Assets.xcassets */ = {isa = PBXFileReference; lastKnownFileType = folder.assetcatalog; path = Assets.xcassets; sourceTree = "<group>"; };
		3FCB2CEC2ACC648E00204795 /* Preview Assets.xcassets */ = {isa = PBXFileReference; lastKnownFileType = folder.assetcatalog; path = "Preview Assets.xcassets"; sourceTree = "<group>"; };
		3FCB2CF22ACC648E00204795 /* SWIFTCalculatorTests.xctest */ = {isa = PBXFileReference; explicitFileType = wrapper.cfbundle; includeInIndex = 0; path = SWIFTCalculatorTests.xctest; sourceTree = BUILT_PRODUCTS_DIR; };
		3FCB2CF62ACC648E00204795 /* SWIFTCalculatorTests.swift */ = {isa = PBXFileReference; lastKnownFileType = sourcecode.swift; path = SWIFTCalculatorTests.swift; sourceTree = "<group>"; };
		3FCB2CFC2ACC648E00204795 /* SWIFTCalculatorUITests.xctest */ = {isa = PBXFileReference; explicitFileType = wrapper.cfbundle; includeInIndex = 0; path = SWIFTCalculatorUITests.xctest; sourceTree = BUILT_PRODUCTS_DIR; };
		3FCB2D002ACC648E00204795 /* SWIFTCalculatorUITests.swift */ = {isa = PBXFileReference; lastKnownFileType = sourcecode.swift; path = SWIFTCalculatorUITests.swift; sourceTree = "<group>"; };
		3FCB2D022ACC648E00204795 /* SWIFTCalculatorUITestsLaunchTests.swift */ = {isa = PBXFileReference; lastKnownFileType = sourcecode.swift; path = SWIFTCalculatorUITestsLaunchTests.swift; sourceTree = "<group>"; };
/* End PBXFileReference section */

/* Begin PBXFrameworksBuildPhase section */
		3FCB2CDF2ACC648D00204795 /* Frameworks */ = {
			isa = PBXFrameworksBuildPhase;
			buildActionMask = 2147483647;
			files = (
			);
			runOnlyForDeploymentPostprocessing = 0;
		};
		3FCB2CEF2ACC648E00204795 /* Frameworks */ = {
			isa = PBXFrameworksBuildPhase;
			buildActionMask = 2147483647;
			files = (
			);
			runOnlyForDeploymentPostprocessing = 0;
		};
		3FCB2CF92ACC648E00204795 /* Frameworks */ = {
			isa = PBXFrameworksBuildPhase;
			buildActionMask = 2147483647;
			files = (
			);
			runOnlyForDeploymentPostprocessing = 0;
		};
/* End PBXFrameworksBuildPhase section */

/* Begin PBXGroup section */
		3FCB2CD92ACC648D00204795 = {
			isa = PBXGroup;
			children = (
				3FCB2CE42ACC648D00204795 /* SWIFTCalculator */,
				3FCB2CF52ACC648E00204795 /* SWIFTCalculatorTests */,
				3FCB2CFF2ACC648E00204795 /* SWIFTCalculatorUITests */,
				3FCB2CE32ACC648D00204795 /* Products */,
			);
			sourceTree = "<group>";
		};
		3FCB2CE32ACC648D00204795 /* Products */ = {
			isa = PBXGroup;
			children = (
				3FCB2CE22ACC648D00204795 /* SWIFTCalculator.app */,
				3FCB2CF22ACC648E00204795 /* SWIFTCalculatorTests.xctest */,
				3FCB2CFC2ACC648E00204795 /* SWIFTCalculatorUITests.xctest */,
			);
			name = Products;
			sourceTree = "<group>";
		};
		3FCB2CE42ACC648D00204795 /* SWIFTCalculator */ = {
			isa = PBXGroup;
			children = (
				3FCB2CE52ACC648D00204795 /* SWIFTCalculatorApp.swift */,
				3FCB2CE72ACC648D00204795 /* ContentView.swift */,
				3FCB2CE92ACC648E00204795 /* Assets.xcassets */,
				3FCB2CEB2ACC648E00204795 /* Preview Content */,
			);
			path = SWIFTCalculator;
			sourceTree = "<group>";
		};
		3FCB2CEB2ACC648E00204795 /* Preview Content */ = {
			isa = PBXGroup;
			children = (
				3FCB2CEC2ACC648E00204795 /* Preview Assets.xcassets */,
			);
			path = "Preview Content";
			sourceTree = "<group>";
		};
		3FCB2CF52ACC648E00204795 /* SWIFTCalculatorTests */ = {
			isa = PBXGroup;
			children = (
				3FCB2CF62ACC648E00204795 /* SWIFTCalculatorTests.swift */,
			);
			path = SWIFTCalculatorTests;
			sourceTree = "<group>";
		};
		3FCB2CFF2ACC648E00204795 /* SWIFTCalculatorUITests */ = {
			isa = PBXGroup;
			children = (
				3FCB2D002ACC648E00204795 /* SWIFTCalculatorUITests.swift */,
				3FCB2D022ACC648E00204795 /* SWIFTCalculatorUITestsLaunchTests.swift */,
			);
			path = SWIFTCalculatorUITests;
			sourceTree = "<group>";
		};
/* End PBXGroup section */

/* Begin PBXNativeTarget section */
		3FCB2CE12ACC648D00204795 /* SWIFTCalculator */ = {
			isa = PBXNativeTarget;
			buildConfigurationList = 3FCB2D062ACC648E00204795 /* Build configuration list for PBXNativeTarget "SWIFTCalculator" */;
			buildPhases = (
				3FCB2CDE2ACC648D00204795 /* Sources */,
				3FCB2CDF2ACC648D00204795 /* Frameworks */,
				3FCB2CE02ACC648D00204795 /* Resources */,
			);
			buildRules = (
			);
			dependencies = (
			);
			name = SWIFTCalculator;
			productName = SWIFTCalculator;
			productReference = 3FCB2CE22ACC648D00204795 /* SWIFTCalculator.app */;
			productType = "com.apple.product-type.application";
		};
		3FCB2CF12ACC648E00204795 /* SWIFTCalculatorTests */ = {
			isa = PBXNativeTarget;
			buildConfigurationList = 3FCB2D092ACC648E00204795 /* Build configuration list for PBXNativeTarget "SWIFTCalculatorTests" */;
			buildPhases = (
				3FCB2CEE2ACC648E00204795 /* Sources */,
				3FCB2CEF2ACC648E00204795 /* Frameworks */,
				3FCB2CF02ACC648E00204795 /* Resources */,
			);
			buildRules = (
			);
			dependencies = (
				3FCB2CF42ACC648E00204795 /* PBXTargetDependency */,
			);
			name = SWIFTCalculatorTests;
			productName = SWIFTCalculatorTests;
			productReference = 3FCB2CF22ACC648E00204795 /* SWIFTCalculatorTests.xctest */;
			productType = "com.apple.product-type.bundle.unit-test";
		};
		3FCB2CFB2ACC648E00204795 /* SWIFTCalculatorUITests */ = {
			isa = PBXNativeTarget;
			buildConfigurationList = 3FCB2D0C2ACC648E00204795 /* Build configuration list for PBXNativeTarget "SWIFTCalculatorUITests" */;
			buildPhases = (
				3FCB2CF82ACC648E00204795 /* Sources */,
				3FCB2CF92ACC648E00204795 /* Frameworks */,
				3FCB2CFA2ACC648E00204795 /* Resources */,
			);
			buildRules = (
			);
			dependencies = (
				3FCB2CFE2ACC648E00204795 /* PBXTargetDependency */,
			);
			name = SWIFTCalculatorUITests;
			productName = SWIFTCalculatorUITests;
			productReference = 3FCB2CFC2ACC648E00204795 /* SWIFTCalculatorUITests.xctest */;
			productType = "com.apple.product-type.bundle.ui-testing";
		};
/* End PBXNativeTarget section */

/* Begin PBXProject section */
		3FCB2CDA2ACC648D00204795 /* Project object */ = {
			isa = PBXProject;
			attributes = {
				BuildIndependentTargetsInParallel = 1;
				LastSwiftUpdateCheck = 1500;
				LastUpgradeCheck = 1500;
				TargetAttributes = {
					3FCB2CE12ACC648D00204795 = {
						CreatedOnToolsVersion = 15.0;
					};
					3FCB2CF12ACC648E00204795 = {
						CreatedOnToolsVersion = 15.0;
						TestTargetID = 3FCB2CE12ACC648D00204795;
					};
					3FCB2CFB2ACC648E00204795 = {
						CreatedOnToolsVersion = 15.0;
						TestTargetID = 3FCB2CE12ACC648D00204795;
					};
				};
			};
			buildConfigurationList = 3FCB2CDD2ACC648D00204795 /* Build configuration list for PBXProject "SWIFTCalculator" */;
			compatibilityVersion = "Xcode 14.0";
			developmentRegion = en;
			hasScannedForEncodings = 0;
			knownRegions = (
				en,
				Base,
			);
			mainGroup = 3FCB2CD92ACC648D00204795;
			productRefGroup = 3FCB2CE32ACC648D00204795 /* Products */;
			projectDirPath = "";
			projectRoot = "";
			targets = (
				3FCB2CE12ACC648D00204795 /* SWIFTCalculator */,
				3FCB2CF12ACC648E00204795 /* SWIFTCalculatorTests */,
				3FCB2CFB2ACC648E00204795 /* SWIFTCalculatorUITests */,
			);
		};
/* End PBXProject section */

/* Begin PBXResourcesBuildPhase section */
		3FCB2CE02ACC648D00204795 /* Resources */ = {
			isa = PBXResourcesBuildPhase;
			buildActionMask = 2147483647;
			files = (
				3FCB2CED2ACC648E00204795 /* Preview Assets.xcassets in Resources */,
				3FCB2CEA2ACC648E00204795 /* Assets.xcassets in Resources */,
			);
			runOnlyForDeploymentPostprocessing = 0;
		};
		3FCB2CF02ACC648E00204795 /* Resources */ = {
			isa = PBXResourcesBuildPhase;
			buildActionMask = 2147483647;
			files = (
			);
			runOnlyForDeploymentPostprocessing = 0;
		};
		3FCB2CFA2ACC648E00204795 /* Resources */ = {
			isa = PBXResourcesBuildPhase;
			buildActionMask = 2147483647;
			files = (
			);
			runOnlyForDeploymentPostprocessing = 0;
		};
/* End PBXResourcesBuildPhase section */

/* Begin PBXSourcesBuildPhase section */
		3FCB2CDE2ACC648D00204795 /* Sources */ = {
			isa = PBXSourcesBuildPhase;
			buildActionMask = 2147483647;
			files = (
				3FCB2CE82ACC648D00204795 /* ContentView.swift in Sources */,
				3FCB2CE62ACC648D00204795 /* SWIFTCalculatorApp.swift in Sources */,
			);
			runOnlyForDeploymentPostprocessing = 0;
		};
		3FCB2CEE2ACC648E00204795 /* Sources */ = {
			isa = PBXSourcesBuildPhase;
			buildActionMask = 2147483647;
			files = (
				3FCB2CF72ACC648E00204795 /* SWIFTCalculatorTests.swift in Sources */,
			);
			runOnlyForDeploymentPostprocessing = 0;
		};
		3FCB2CF82ACC648E00204795 /* Sources */ = {
			isa = PBXSourcesBuildPhase;
			buildActionMask = 2147483647;
			files = (
				3FCB2D032ACC648E00204795 /* SWIFTCalculatorUITestsLaunchTests.swift in Sources */,
				3FCB2D012ACC648E00204795 /* SWIFTCalculatorUITests.swift in Sources */,
			);
			runOnlyForDeploymentPostprocessing = 0;
		};
/* End PBXSourcesBuildPhase section */

/* Begin PBXTargetDependency section */
		3FCB2CF42ACC648E00204795 /* PBXTargetDependency */ = {
			isa = PBXTargetDependency;
			target = 3FCB2CE12ACC648D00204795 /* SWIFTCalculator */;
			targetProxy = 3FCB2CF32ACC648E00204795 /* PBXContainerItemProxy */;
		};
		3FCB2CFE2ACC648E00204795 /* PBXTargetDependency */ = {
			isa = PBXTargetDependency;
			target = 3FCB2CE12ACC648D00204795 /* SWIFTCalculator */;
			targetProxy = 3FCB2CFD2ACC648E00204795 /* PBXContainerItemProxy */;
		};
/* End PBXTargetDependency section */

/* Begin XCBuildConfiguration section */
		3FCB2D042ACC648E00204795 /* Debug */ = {
			isa = XCBuildConfiguration;
			buildSettings = {
				ALWAYS_SEARCH_USER_PATHS = NO;
				ASSETCATALOG_COMPILER_GENERATE_SWIFT_ASSET_SYMBOL_EXTENSIONS = YES;
				CLANG_ANALYZER_NONNULL = YES;
				CLANG_ANALYZER_NUMBER_OBJECT_CONVERSION = YES_AGGRESSIVE;
				CLANG_CXX_LANGUAGE_STANDARD = "gnu++20";
				CLANG_ENABLE_MODULES = YES;
				CLANG_ENABLE_OBJC_ARC = YES;
				CLANG_ENABLE_OBJC_WEAK = YES;
				CLANG_WARN_BLOCK_CAPTURE_AUTORELEASING = YES;
				CLANG_WARN_BOOL_CONVERSION = YES;
				CLANG_WARN_COMMA = YES;
				CLANG_WARN_CONSTANT_CONVERSION = YES;
				CLANG_WARN_DEPRECATED_OBJC_IMPLEMENTATIONS = YES;
				CLANG_WARN_DIRECT_OBJC_ISA_USAGE = YES_ERROR;
				CLANG_WARN_DOCUMENTATION_COMMENTS = YES;
				CLANG_WARN_EMPTY_BODY = YES;
				CLANG_WARN_ENUM_CONVERSION = YES;
				CLANG_WARN_INFINITE_RECURSION = YES;
				CLANG_WARN_INT_CONVERSION = YES;
				CLANG_WARN_NON_LITERAL_NULL_CONVERSION = YES;
				CLANG_WARN_OBJC_IMPLICIT_RETAIN_SELF = YES;
				CLANG_WARN_OBJC_LITERAL_CONVERSION = YES;
				CLANG_WARN_OBJC_ROOT_CLASS = YES_ERROR;
				CLANG_WARN_QUOTED_INCLUDE_IN_FRAMEWORK_HEADER = YES;
				CLANG_WARN_RANGE_LOOP_ANALYSIS = YES;
				CLANG_WARN_STRICT_PROTOTYPES = YES;
				CLANG_WARN_SUSPICIOUS_MOVE = YES;
				CLANG_WARN_UNGUARDED_AVAILABILITY = YES_AGGRESSIVE;
				CLANG_WARN_UNREACHABLE_CODE = YES;
				CLANG_WARN__DUPLICATE_METHOD_MATCH = YES;
				COPY_PHASE_STRIP = NO;
				DEBUG_INFORMATION_FORMAT = dwarf;
				ENABLE_STRICT_OBJC_MSGSEND = YES;
				ENABLE_TESTABILITY = YES;
				ENABLE_USER_SCRIPT_SANDBOXING = YES;
				GCC_C_LANGUAGE_STANDARD = gnu17;
				GCC_DYNAMIC_NO_PIC = NO;
				GCC_NO_COMMON_BLOCKS = YES;
				GCC_OPTIMIZATION_LEVEL = 0;
				GCC_PREPROCESSOR_DEFINITIONS = (
					"DEBUG=1",
					"$(inherited)",
				);
				GCC_WARN_64_TO_32_BIT_CONVERSION = YES;
				GCC_WARN_ABOUT_RETURN_TYPE = YES_ERROR;
				GCC_WARN_UNDECLARED_SELECTOR = YES;
				GCC_WARN_UNINITIALIZED_AUTOS = YES_AGGRESSIVE;
				GCC_WARN_UNUSED_FUNCTION = YES;
				GCC_WARN_UNUSED_VARIABLE = YES;
				IPHONEOS_DEPLOYMENT_TARGET = 17.0;
				LOCALIZATION_PREFERS_STRING_CATALOGS = YES;
				MTL_ENABLE_DEBUG_INFO = INCLUDE_SOURCE;
				MTL_FAST_MATH = YES;
				ONLY_ACTIVE_ARCH = YES;
				SDKROOT = iphoneos;
				SWIFT_ACTIVE_COMPILATION_CONDITIONS = "DEBUG $(inherited)";
				SWIFT_OPTIMIZATION_LEVEL = "-Onone";
			};
			name = Debug;
		};
		3FCB2D052ACC648E00204795 /* Release */ = {
			isa = XCBuildConfiguration;
			buildSettings = {
				ALWAYS_SEARCH_USER_PATHS = NO;
				ASSETCATALOG_COMPILER_GENERATE_SWIFT_ASSET_SYMBOL_EXTENSIONS = YES;
				CLANG_ANALYZER_NONNULL = YES;
				CLANG_ANALYZER_NUMBER_OBJECT_CONVERSION = YES_AGGRESSIVE;
				CLANG_CXX_LANGUAGE_STANDARD = "gnu++20";
				CLANG_ENABLE_MODULES = YES;
				CLANG_ENABLE_OBJC_ARC = YES;
				CLANG_ENABLE_OBJC_WEAK = YES;
				CLANG_WARN_BLOCK_CAPTURE_AUTORELEASING = YES;
				CLANG_WARN_BOOL_CONVERSION = YES;
				CLANG_WARN_COMMA = YES;
				CLANG_WARN_CONSTANT_CONVERSION = YES;
				CLANG_WARN_DEPRECATED_OBJC_IMPLEMENTATIONS = YES;
				CLANG_WARN_DIRECT_OBJC_ISA_USAGE = YES_ERROR;
				CLANG_WARN_DOCUMENTATION_COMMENTS = YES;
				CLANG_WARN_EMPTY_BODY = YES;
				CLANG_WARN_ENUM_CONVERSION = YES;
				CLANG_WARN_INFINITE_RECURSION = YES;
				CLANG_WARN_INT_CONVERSION = YES;
				CLANG_WARN_NON_LITERAL_NULL_CONVERSION = YES;
				CLANG_WARN_OBJC_IMPLICIT_RETAIN_SELF = YES;
				CLANG_WARN_OBJC_LITERAL_CONVERSION = YES;
				CLANG_WARN_OBJC_ROOT_CLASS = YES_ERROR;
				CLANG_WARN_QUOTED_INCLUDE_IN_FRAMEWORK_HEADER = YES;
				CLANG_WARN_RANGE_LOOP_ANALYSIS = YES;
				CLANG_WARN_STRICT_PROTOTYPES = YES;
				CLANG_WARN_SUSPICIOUS_MOVE = YES;
				CLANG_WARN_UNGUARDED_AVAILABILITY = YES_AGGRESSIVE;
				CLANG_WARN_UNREACHABLE_CODE = YES;
				CLANG_WARN__DUPLICATE_METHOD_MATCH = YES;
				COPY_PHASE_STRIP = NO;
				DEBUG_INFORMATION_FORMAT = "dwarf-with-dsym";
				ENABLE_NS_ASSERTIONS = NO;
				ENABLE_STRICT_OBJC_MSGSEND = YES;
				ENABLE_USER_SCRIPT_SANDBOXING = YES;
				GCC_C_LANGUAGE_STANDARD = gnu17;
				GCC_NO_COMMON_BLOCKS = YES;
				GCC_WARN_64_TO_32_BIT_CONVERSION = YES;
				GCC_WARN_ABOUT_RETURN_TYPE = YES_ERROR;
				GCC_WARN_UNDECLARED_SELECTOR = YES;
				GCC_WARN_UNINITIALIZED_AUTOS = YES_AGGRESSIVE;
				GCC_WARN_UNUSED_FUNCTION = YES;
				GCC_WARN_UNUSED_VARIABLE = YES;
				IPHONEOS_DEPLOYMENT_TARGET = 17.0;
				LOCALIZATION_PREFERS_STRING_CATALOGS = YES;
				MTL_ENABLE_DEBUG_INFO = NO;
				MTL_FAST_MATH = YES;
				SDKROOT = iphoneos;
				SWIFT_COMPILATION_MODE = wholemodule;
				VALIDATE_PRODUCT = YES;
			};
			name = Release;
		};
		3FCB2D072ACC648E00204795 /* Debug */ = {
			isa = XCBuildConfiguration;
			buildSettings = {
				ASSETCATALOG_COMPILER_APPICON_NAME = AppIcon;
				ASSETCATALOG_COMPILER_GLOBAL_ACCENT_COLOR_NAME = AccentColor;
				CODE_SIGN_STYLE = Automatic;
				CURRENT_PROJECT_VERSION = 1;
				DEVELOPMENT_ASSET_PATHS = "\"SWIFTCalculator/Preview Content\"";
				ENABLE_PREVIEWS = YES;
				GENERATE_INFOPLIST_FILE = YES;
				INFOPLIST_KEY_UIApplicationSceneManifest_Generation = YES;
				INFOPLIST_KEY_UIApplicationSupportsIndirectInputEvents = YES;
				INFOPLIST_KEY_UILaunchScreen_Generation = YES;
				INFOPLIST_KEY_UISupportedInterfaceOrientations_iPad = "UIInterfaceOrientationPortrait UIInterfaceOrientationPortraitUpsideDown UIInterfaceOrientationLandscapeLeft UIInterfaceOrientationLandscapeRight";
				INFOPLIST_KEY_UISupportedInterfaceOrientations_iPhone = "UIInterfaceOrientationPortrait UIInterfaceOrientationLandscapeLeft UIInterfaceOrientationLandscapeRight";
				LD_RUNPATH_SEARCH_PATHS = (
					"$(inherited)",
					"@executable_path/Frameworks",
				);
				MARKETING_VERSION = 1.0;
				PRODUCT_BUNDLE_IDENTIFIER = pollub.edu.SWIFTCalculator;
				PRODUCT_NAME = "$(TARGET_NAME)";
				SWIFT_EMIT_LOC_STRINGS = YES;
				SWIFT_VERSION = 5.0;
				TARGETED_DEVICE_FAMILY = "1,2";
			};
			name = Debug;
		};
		3FCB2D082ACC648E00204795 /* Release */ = {
			isa = XCBuildConfiguration;
			buildSettings = {
				ASSETCATALOG_COMPILER_APPICON_NAME = AppIcon;
				ASSETCATALOG_COMPILER_GLOBAL_ACCENT_COLOR_NAME = AccentColor;
				CODE_SIGN_STYLE = Automatic;
				CURRENT_PROJECT_VERSION = 1;
				DEVELOPMENT_ASSET_PATHS = "\"SWIFTCalculator/Preview Content\"";
				ENABLE_PREVIEWS = YES;
				GENERATE_INFOPLIST_FILE = YES;
				INFOPLIST_KEY_UIApplicationSceneManifest_Generation = YES;
				INFOPLIST_KEY_UIApplicationSupportsIndirectInputEvents = YES;
				INFOPLIST_KEY_UILaunchScreen_Generation = YES;
				INFOPLIST_KEY_UISupportedInterfaceOrientations_iPad = "UIInterfaceOrientationPortrait UIInterfaceOrientationPortraitUpsideDown UIInterfaceOrientationLandscapeLeft UIInterfaceOrientationLandscapeRight";
				INFOPLIST_KEY_UISupportedInterfaceOrientations_iPhone = "UIInterfaceOrientationPortrait UIInterfaceOrientationLandscapeLeft UIInterfaceOrientationLandscapeRight";
				LD_RUNPATH_SEARCH_PATHS = (
					"$(inherited)",
					"@executable_path/Frameworks",
				);
				MARKETING_VERSION = 1.0;
				PRODUCT_BUNDLE_IDENTIFIER = pollub.edu.SWIFTCalculator;
				PRODUCT_NAME = "$(TARGET_NAME)";
				SWIFT_EMIT_LOC_STRINGS = YES;
				SWIFT_VERSION = 5.0;
				TARGETED_DEVICE_FAMILY = "1,2";
			};
			name = Release;
		};
		3FCB2D0A2ACC648E00204795 /* Debug */ = {
			isa = XCBuildConfiguration;
			buildSettings = {
				ALWAYS_EMBED_SWIFT_STANDARD_LIBRARIES = YES;
				BUNDLE_LOADER = "$(TEST_HOST)";
				CODE_SIGN_STYLE = Automatic;
				CURRENT_PROJECT_VERSION = 1;
				GENERATE_INFOPLIST_FILE = YES;
				IPHONEOS_DEPLOYMENT_TARGET = 17.0;
				MARKETING_VERSION = 1.0;
				PRODUCT_BUNDLE_IDENTIFIER = pollub.edu.SWIFTCalculatorTests;
				PRODUCT_NAME = "$(TARGET_NAME)";
				SWIFT_EMIT_LOC_STRINGS = NO;
				SWIFT_VERSION = 5.0;
				TARGETED_DEVICE_FAMILY = "1,2";
				TEST_HOST = "$(BUILT_PRODUCTS_DIR)/SWIFTCalculator.app/$(BUNDLE_EXECUTABLE_FOLDER_PATH)/SWIFTCalculator";
			};
			name = Debug;
		};
		3FCB2D0B2ACC648E00204795 /* Release */ = {
			isa = XCBuildConfiguration;
			buildSettings = {
				ALWAYS_EMBED_SWIFT_STANDARD_LIBRARIES = YES;
				BUNDLE_LOADER = "$(TEST_HOST)";
				CODE_SIGN_STYLE = Automatic;
				CURRENT_PROJECT_VERSION = 1;
				GENERATE_INFOPLIST_FILE = YES;
				IPHONEOS_DEPLOYMENT_TARGET = 17.0;
				MARKETING_VERSION = 1.0;
				PRODUCT_BUNDLE_IDENTIFIER = pollub.edu.SWIFTCalculatorTests;
				PRODUCT_NAME = "$(TARGET_NAME)";
				SWIFT_EMIT_LOC_STRINGS = NO;
				SWIFT_VERSION = 5.0;
				TARGETED_DEVICE_FAMILY = "1,2";
				TEST_HOST = "$(BUILT_PRODUCTS_DIR)/SWIFTCalculator.app/$(BUNDLE_EXECUTABLE_FOLDER_PATH)/SWIFTCalculator";
			};
			name = Release;
		};
		3FCB2D0D2ACC648E00204795 /* Debug */ = {
			isa = XCBuildConfiguration;
			buildSettings = {
				ALWAYS_EMBED_SWIFT_STANDARD_LIBRARIES = YES;
				CODE_SIGN_STYLE = Automatic;
				CURRENT_PROJECT_VERSION = 1;
				GENERATE_INFOPLIST_FILE = YES;
				MARKETING_VERSION = 1.0;
				PRODUCT_BUNDLE_IDENTIFIER = pollub.edu.SWIFTCalculatorUITests;
				PRODUCT_NAME = "$(TARGET_NAME)";
				SWIFT_EMIT_LOC_STRINGS = NO;
				SWIFT_VERSION = 5.0;
				TARGETED_DEVICE_FAMILY = "1,2";
				TEST_TARGET_NAME = SWIFTCalculator;
			};
			name = Debug;
		};
		3FCB2D0E2ACC648E00204795 /* Release */ = {
			isa = XCBuildConfiguration;
			buildSettings = {
				ALWAYS_EMBED_SWIFT_STANDARD_LIBRARIES = YES;
				CODE_SIGN_STYLE = Automatic;
				CURRENT_PROJECT_VERSION = 1;
				GENERATE_INFOPLIST_FILE = YES;
				MARKETING_VERSION = 1.0;
				PRODUCT_BUNDLE_IDENTIFIER = pollub.edu.SWIFTCalculatorUITests;
				PRODUCT_NAME = "$(TARGET_NAME)";
				SWIFT_EMIT_LOC_STRINGS = NO;
				SWIFT_VERSION = 5.0;
				TARGETED_DEVICE_FAMILY = "1,2";
				TEST_TARGET_NAME = SWIFTCalculator;
			};
			name = Release;
		};
/* End XCBuildConfiguration section */

/* Begin XCConfigurationList section */
		3FCB2CDD2ACC648D00204795 /* Build configuration list for PBXProject "SWIFTCalculator" */ = {
			isa = XCConfigurationList;
			buildConfigurations = (
				3FCB2D042ACC648E00204795 /* Debug */,
				3FCB2D052ACC648E00204795 /* Release */,
			);
			defaultConfigurationIsVisible = 0;
			defaultConfigurationName = Release;
		};
		3FCB2D062ACC648E00204795 /* Build configuration list for PBXNativeTarget "SWIFTCalculator" */ = {
			isa = XCConfigurationList;
			buildConfigurations = (
				3FCB2D072ACC648E00204795 /* Debug */,
				3FCB2D082ACC648E00204795 /* Release */,
			);
			defaultConfigurationIsVisible = 0;
			defaultConfigurationName = Release;
		};
		3FCB2D092ACC648E00204795 /* Build configuration list for PBXNativeTarget "SWIFTCalculatorTests" */ = {
			isa = XCConfigurationList;
			buildConfigurations = (
				3FCB2D0A2ACC648E00204795 /* Debug */,
				3FCB2D0B2ACC648E00204795 /* Release */,
			);
			defaultConfigurationIsVisible = 0;
			defaultConfigurationName = Release;
		};
		3FCB2D0C2ACC648E00204795 /* Build configuration list for PBXNativeTarget "SWIFTCalculatorUITests" */ = {
			isa = XCConfigurationList;
			buildConfigurations = (
				3FCB2D0D2ACC648E00204795 /* Debug */,
				3FCB2D0E2ACC648E00204795 /* Release */,
			);
			defaultConfigurationIsVisible = 0;
			defaultConfigurationName = Release;
		};
/* End XCConfigurationList section */
	};
	rootObject = 3FCB2CDA2ACC648D00204795 /* Project object */;
}
